
Microsoft Visual Studio Solution File, Format Version 12.00
# Visual Studio Version 16
VisualStudioVersion = 16.0.28803.202
MinimumVisualStudioVersion = 10.0.40219.1
Project("{FAE04EC0-301F-11D3-BF4B-00C04F79EFBC}") = "UsersApi", "UsersApi\UsersApi.csproj", "{63849F40-61E5-4FC1-A094-64526CEB6500}"
EndProject
Project("{FAE04EC0-301F-11D3-BF4B-00C04F79EFBC}") = "UsersApi.Tests", "UsersApi.Tests\UsersApi.Tests.csproj", "{66586092-D4A7-43A3-AB4D-56957AD98B67}"
EndProject
Project("{FAE04EC0-301F-11D3-BF4B-00C04F79EFBC}") = "Domain", "Domain\Domain.csproj", "{F2CE03C5-8C36-4ED0-A96B-4C1F557CF9C8}"
EndProject
Project("{FAE04EC0-301F-11D3-BF4B-00C04F79EFBC}") = "Repository", "Repository\Repository.csproj", "{FB96B86E-A298-430D-8398-BC1341FCE5F7}"
EndProject
Project("{FAE04EC0-301F-11D3-BF4B-00C04F79EFBC}") = "Domain.Tests", "Domain.Tests\Domain.Tests.csproj", "{F030C5A1-DF10-4AD1-8D31-6916FBD85A0B}"
EndProject
Project("{FAE04EC0-301F-11D3-BF4B-00C04F79EFBC}") = "Repository.Tests", "Repository.Tests\Repository.Tests.csproj", "{B9EE5C32-8864-447D-AE01-C7F18ED9D8D5}"
EndProject
Project("{FAE04EC0-301F-11D3-BF4B-00C04F79EFBC}") = "UsersWeb", "UsersWeb\UsersWeb.csproj", "{DDE8DE87-3257-4104-9638-779E704764C5}"
EndProject
Project("{FAE04EC0-301F-11D3-BF4B-00C04F79EFBC}") = "UsersWeb.Tests", "UsersWeb.Tests\UsersWeb.Tests.csproj", "{0C820514-B751-469C-8C82-9B2D43A54973}"
EndProject
Global
	GlobalSection(SolutionConfigurationPlatforms) = preSolution
		Debug|Any CPU = Debug|Any CPU
		Release|Any CPU = Release|Any CPU
	EndGlobalSection
	GlobalSection(ProjectConfigurationPlatforms) = postSolution
		{63849F40-61E5-4FC1-A094-64526CEB6500}.Debug|Any CPU.ActiveCfg = Debug|Any CPU
		{63849F40-61E5-4FC1-A094-64526CEB6500}.Debug|Any CPU.Build.0 = Debug|Any CPU
		{63849F40-61E5-4FC1-A094-64526CEB6500}.Release|Any CPU.ActiveCfg = Release|Any CPU
		{63849F40-61E5-4FC1-A094-64526CEB6500}.Release|Any CPU.Build.0 = Release|Any CPU
		{66586092-D4A7-43A3-AB4D-56957AD98B67}.Debug|Any CPU.ActiveCfg = Debug|Any CPU
		{66586092-D4A7-43A3-AB4D-56957AD98B67}.Debug|Any CPU.Build.0 = Debug|Any CPU
		{66586092-D4A7-43A3-AB4D-56957AD98B67}.Release|Any CPU.ActiveCfg = Release|Any CPU
		{66586092-D4A7-43A3-AB4D-56957AD98B67}.Release|Any CPU.Build.0 = Release|Any CPU
		{F2CE03C5-8C36-4ED0-A96B-4C1F557CF9C8}.Debug|Any CPU.ActiveCfg = Debug|Any CPU
		{F2CE03C5-8C36-4ED0-A96B-4C1F557CF9C8}.Debug|Any CPU.Build.0 = Debug|Any CPU
		{F2CE03C5-8C36-4ED0-A96B-4C1F557CF9C8}.Release|Any CPU.ActiveCfg = Release|Any CPU
		{F2CE03C5-8C36-4ED0-A96B-4C1F557CF9C8}.Release|Any CPU.Build.0 = Release|Any CPU
		{FB96B86E-A298-430D-8398-BC1341FCE5F7}.Debug|Any CPU.ActiveCfg = Debug|Any CPU
		{FB96B86E-A298-430D-8398-BC1341FCE5F7}.Debug|Any CPU.Build.0 = Debug|Any CPU
		{FB96B86E-A298-430D-8398-BC1341FCE5F7}.Release|Any CPU.ActiveCfg = Release|Any CPU
		{FB96B86E-A298-430D-8398-BC1341FCE5F7}.Release|Any CPU.Build.0 = Release|Any CPU
		{F030C5A1-DF10-4AD1-8D31-6916FBD85A0B}.Debug|Any CPU.ActiveCfg = Debug|Any CPU
		{F030C5A1-DF10-4AD1-8D31-6916FBD85A0B}.Debug|Any CPU.Build.0 = Debug|Any CPU
		{F030C5A1-DF10-4AD1-8D31-6916FBD85A0B}.Release|Any CPU.ActiveCfg = Release|Any CPU
		{F030C5A1-DF10-4AD1-8D31-6916FBD85A0B}.Release|Any CPU.Build.0 = Release|Any CPU
		{B9EE5C32-8864-447D-AE01-C7F18ED9D8D5}.Debug|Any CPU.ActiveCfg = Debug|Any CPU
		{B9EE5C32-8864-447D-AE01-C7F18ED9D8D5}.Debug|Any CPU.Build.0 = Debug|Any CPU
		{B9EE5C32-8864-447D-AE01-C7F18ED9D8D5}.Release|Any CPU.ActiveCfg = Release|Any CPU
		{B9EE5C32-8864-447D-AE01-C7F18ED9D8D5}.Release|Any CPU.Build.0 = Release|Any CPU
		{DDE8DE87-3257-4104-9638-779E704764C5}.Debug|Any CPU.ActiveCfg = Debug|Any CPU
		{DDE8DE87-3257-4104-9638-779E704764C5}.Debug|Any CPU.Build.0 = Debug|Any CPU
		{DDE8DE87-3257-4104-9638-779E704764C5}.Release|Any CPU.ActiveCfg = Release|Any CPU
		{DDE8DE87-3257-4104-9638-779E704764C5}.Release|Any CPU.Build.0 = Release|Any CPU
		{0C820514-B751-469C-8C82-9B2D43A54973}.Debug|Any CPU.ActiveCfg = Debug|Any CPU
		{0C820514-B751-469C-8C82-9B2D43A54973}.Debug|Any CPU.Build.0 = Debug|Any CPU
		{0C820514-B751-469C-8C82-9B2D43A54973}.Release|Any CPU.ActiveCfg = Release|Any CPU
		{0C820514-B751-469C-8C82-9B2D43A54973}.Release|Any CPU.Build.0 = Release|Any CPU
	EndGlobalSection
	GlobalSection(SolutionProperties) = preSolution
		HideSolutionNode = FALSE
	EndGlobalSection
	GlobalSection(ExtensibilityGlobals) = postSolution
		SolutionGuid = {5EC7B60A-35EA-44F8-A1C7-669E841B54C7}
	EndGlobalSection
EndGlobal
